
Microsoft Visual Studio Solution File, Format Version 12.00
# Visual Studio Version 17
VisualStudioVersion = 17.13.35913.81 d17.13
MinimumVisualStudioVersion = 10.0.40219.1
Project("{FAE04EC0-301F-11D3-BF4B-00C04F79EFBC}") = "zodiac", "zodiac\zodiac.csproj", "{7CC625E9-3125-4363-AD83-BFF43D772AC1}"
EndProject
Global
	GlobalSection(SolutionConfigurationPlatforms) = preSolution
		Debug|Any CPU = Debug|Any CPU
		Release|Any CPU = Release|Any CPU
	EndGlobalSection
	GlobalSection(ProjectConfigurationPlatforms) = postSolution
		{7CC625E9-3125-4363-AD83-BFF43D772AC1}.Debug|Any CPU.ActiveCfg = Debug|Any CPU
		{7CC625E9-3125-4363-AD83-BFF43D772AC1}.Debug|Any CPU.Build.0 = Debug|Any CPU
		{7CC625E9-3125-4363-AD83-BFF43D772AC1}.Release|Any CPU.ActiveCfg = Release|Any CPU
		{7CC625E9-3125-4363-AD83-BFF43D772AC1}.Release|Any CPU.Build.0 = Release|Any CPU
	EndGlobalSection
	GlobalSection(SolutionProperties) = preSolution
		HideSolutionNode = FALSE
	EndGlobalSection
	GlobalSection(ExtensibilityGlobals) = postSolution
		SolutionGuid = {92D99713-A463-4572-80EB-229F3A6BE2F5}
	EndGlobalSection
EndGlobal
