
Microsoft Visual Studio Solution File, Format Version 12.00
# Visual Studio Version 17
VisualStudioVersion = 17.13.35913.81 d17.13
MinimumVisualStudioVersion = 10.0.40219.1
Project("{FAE04EC0-301F-11D3-BF4B-00C04F79EFBC}") = "Delegate", "Delegate\Delegate.csproj", "{95463B09-C5B8-4C6B-AA31-03EB3986FFAA}"
EndProject
Project("{FAE04EC0-301F-11D3-BF4B-00C04F79EFBC}") = "UsingCallback", "UsingCallback\UsingCallback.csproj", "{EC1C0B72-F785-45A0-BD3E-BCF5015E80ED}"
EndProject
Global
	GlobalSection(SolutionConfigurationPlatforms) = preSolution
		Debug|Any CPU = Debug|Any CPU
		Release|Any CPU = Release|Any CPU
	EndGlobalSection
	GlobalSection(ProjectConfigurationPlatforms) = postSolution
		{95463B09-C5B8-4C6B-AA31-03EB3986FFAA}.Debug|Any CPU.ActiveCfg = Debug|Any CPU
		{95463B09-C5B8-4C6B-AA31-03EB3986FFAA}.Debug|Any CPU.Build.0 = Debug|Any CPU
		{95463B09-C5B8-4C6B-AA31-03EB3986FFAA}.Release|Any CPU.ActiveCfg = Release|Any CPU
		{95463B09-C5B8-4C6B-AA31-03EB3986FFAA}.Release|Any CPU.Build.0 = Release|Any CPU
		{EC1C0B72-F785-45A0-BD3E-BCF5015E80ED}.Debug|Any CPU.ActiveCfg = Debug|Any CPU
		{EC1C0B72-F785-45A0-BD3E-BCF5015E80ED}.Debug|Any CPU.Build.0 = Debug|Any CPU
		{EC1C0B72-F785-45A0-BD3E-BCF5015E80ED}.Release|Any CPU.ActiveCfg = Release|Any CPU
		{EC1C0B72-F785-45A0-BD3E-BCF5015E80ED}.Release|Any CPU.Build.0 = Release|Any CPU
	EndGlobalSection
	GlobalSection(SolutionProperties) = preSolution
		HideSolutionNode = FALSE
	EndGlobalSection
	GlobalSection(ExtensibilityGlobals) = postSolution
		SolutionGuid = {2CBAD1E4-BA65-4B93-A1B7-01C4CF3F2A41}
	EndGlobalSection
EndGlobal
