
Microsoft Visual Studio Solution File, Format Version 12.00
# Visual Studio Version 17
VisualStudioVersion = 17.13.35913.81 d17.13
MinimumVisualStudioVersion = 10.0.40219.1
Project("{FAE04EC0-301F-11D3-BF4B-00C04F79EFBC}") = "sin_7", "sin_7\sin_7.csproj", "{48AAC9F7-4CFA-48EC-9E43-385055B79D3D}"
EndProject
Project("{FAE04EC0-301F-11D3-BF4B-00C04F79EFBC}") = "Project_1", "Project_1\Project_1.csproj", "{D585F770-E7E1-4E53-866D-CCE96E906E36}"
EndProject
Global
	GlobalSection(SolutionConfigurationPlatforms) = preSolution
		Debug|Any CPU = Debug|Any CPU
		Release|Any CPU = Release|Any CPU
	EndGlobalSection
	GlobalSection(ProjectConfigurationPlatforms) = postSolution
		{48AAC9F7-4CFA-48EC-9E43-385055B79D3D}.Debug|Any CPU.ActiveCfg = Debug|Any CPU
		{48AAC9F7-4CFA-48EC-9E43-385055B79D3D}.Debug|Any CPU.Build.0 = Debug|Any CPU
		{48AAC9F7-4CFA-48EC-9E43-385055B79D3D}.Release|Any CPU.ActiveCfg = Release|Any CPU
		{48AAC9F7-4CFA-48EC-9E43-385055B79D3D}.Release|Any CPU.Build.0 = Release|Any CPU
		{D585F770-E7E1-4E53-866D-CCE96E906E36}.Debug|Any CPU.ActiveCfg = Debug|Any CPU
		{D585F770-E7E1-4E53-866D-CCE96E906E36}.Debug|Any CPU.Build.0 = Debug|Any CPU
		{D585F770-E7E1-4E53-866D-CCE96E906E36}.Release|Any CPU.ActiveCfg = Release|Any CPU
		{D585F770-E7E1-4E53-866D-CCE96E906E36}.Release|Any CPU.Build.0 = Release|Any CPU
	EndGlobalSection
	GlobalSection(SolutionProperties) = preSolution
		HideSolutionNode = FALSE
	EndGlobalSection
	GlobalSection(ExtensibilityGlobals) = postSolution
		SolutionGuid = {15DA64ED-682B-4CA4-AF2D-1E9265A14D94}
	EndGlobalSection
EndGlobal
