
Microsoft Visual Studio Solution File, Format Version 12.00
# Visual Studio Version 17
VisualStudioVersion = 17.14.36301.6 d17.14
MinimumVisualStudioVersion = 10.0.40219.1
Project("{FAE04EC0-301F-11D3-BF4B-00C04F79EFBC}") = "Picture01", "Picture01\Picture01.csproj", "{262BC44A-F7C3-4C68-9F6A-09BA37EB09C7}"
EndProject
Project("{FAE04EC0-301F-11D3-BF4B-00C04F79EFBC}") = "A_Picture02", "A_Picture02\A_Picture02.csproj", "{06C109FD-FEAB-405F-AE1C-DDF15345D1CD}"
EndProject
Global
	GlobalSection(SolutionConfigurationPlatforms) = preSolution
		Debug|Any CPU = Debug|Any CPU
		Release|Any CPU = Release|Any CPU
	EndGlobalSection
	GlobalSection(ProjectConfigurationPlatforms) = postSolution
		{262BC44A-F7C3-4C68-9F6A-09BA37EB09C7}.Debug|Any CPU.ActiveCfg = Debug|Any CPU
		{262BC44A-F7C3-4C68-9F6A-09BA37EB09C7}.Debug|Any CPU.Build.0 = Debug|Any CPU
		{262BC44A-F7C3-4C68-9F6A-09BA37EB09C7}.Release|Any CPU.ActiveCfg = Release|Any CPU
		{262BC44A-F7C3-4C68-9F6A-09BA37EB09C7}.Release|Any CPU.Build.0 = Release|Any CPU
		{06C109FD-FEAB-405F-AE1C-DDF15345D1CD}.Debug|Any CPU.ActiveCfg = Debug|Any CPU
		{06C109FD-FEAB-405F-AE1C-DDF15345D1CD}.Debug|Any CPU.Build.0 = Debug|Any CPU
		{06C109FD-FEAB-405F-AE1C-DDF15345D1CD}.Release|Any CPU.ActiveCfg = Release|Any CPU
		{06C109FD-FEAB-405F-AE1C-DDF15345D1CD}.Release|Any CPU.Build.0 = Release|Any CPU
	EndGlobalSection
	GlobalSection(SolutionProperties) = preSolution
		HideSolutionNode = FALSE
	EndGlobalSection
	GlobalSection(ExtensibilityGlobals) = postSolution
		SolutionGuid = {D9C8DF2F-A7B3-4729-AEAF-D74B023F72C6}
	EndGlobalSection
EndGlobal
